
Microsoft Visual Studio Solution File, Format Version 12.00
# Visual Studio 14
VisualStudioVersion = 14.0.25420.1
MinimumVisualStudioVersion = 10.0.40219.1
Project("{FAE04EC0-301F-11D3-BF4B-00C04F79EFBC}") = "RefactorMe", "RefactorMe\RefactorMe.csproj", "{20AB69F9-F2D3-4A68-96C3-424EC8B9406E}"
EndProject
Project("{FAE04EC0-301F-11D3-BF4B-00C04F79EFBC}") = "RefactorMe.Data", "RefactorMe.Data\RefactorMe.Data.csproj", "{28566117-85AA-4426-8326-23AD331EFF48}"
EndProject
Project("{FAE04EC0-301F-11D3-BF4B-00C04F79EFBC}") = "RefactorMe.Service", "RefactorMe.Service\RefactorMe.Service.csproj", "{484D904A-DECF-44EB-8DA9-F9E804FC5B8B}"
EndProject
Project("{FAE04EC0-301F-11D3-BF4B-00C04F79EFBC}") = "RefactorMe.Test", "RefactorMe.Test\RefactorMe.Test.csproj", "{E76AA266-17FA-459D-9B33-DE5CDAF59BFF}"
EndProject
Global
	GlobalSection(SolutionConfigurationPlatforms) = preSolution
		Debug|Any CPU = Debug|Any CPU
		Release|Any CPU = Release|Any CPU
	EndGlobalSection
	GlobalSection(ProjectConfigurationPlatforms) = postSolution
		{20AB69F9-F2D3-4A68-96C3-424EC8B9406E}.Debug|Any CPU.ActiveCfg = Debug|Any CPU
		{20AB69F9-F2D3-4A68-96C3-424EC8B9406E}.Debug|Any CPU.Build.0 = Debug|Any CPU
		{20AB69F9-F2D3-4A68-96C3-424EC8B9406E}.Release|Any CPU.ActiveCfg = Release|Any CPU
		{20AB69F9-F2D3-4A68-96C3-424EC8B9406E}.Release|Any CPU.Build.0 = Release|Any CPU
		{28566117-85AA-4426-8326-23AD331EFF48}.Debug|Any CPU.ActiveCfg = Debug|Any CPU
		{28566117-85AA-4426-8326-23AD331EFF48}.Debug|Any CPU.Build.0 = Debug|Any CPU
		{28566117-85AA-4426-8326-23AD331EFF48}.Release|Any CPU.ActiveCfg = Release|Any CPU
		{28566117-85AA-4426-8326-23AD331EFF48}.Release|Any CPU.Build.0 = Release|Any CPU
		{484D904A-DECF-44EB-8DA9-F9E804FC5B8B}.Debug|Any CPU.ActiveCfg = Debug|Any CPU
		{484D904A-DECF-44EB-8DA9-F9E804FC5B8B}.Debug|Any CPU.Build.0 = Debug|Any CPU
		{484D904A-DECF-44EB-8DA9-F9E804FC5B8B}.Release|Any CPU.ActiveCfg = Release|Any CPU
		{484D904A-DECF-44EB-8DA9-F9E804FC5B8B}.Release|Any CPU.Build.0 = Release|Any CPU
		{E76AA266-17FA-459D-9B33-DE5CDAF59BFF}.Debug|Any CPU.ActiveCfg = Debug|Any CPU
		{E76AA266-17FA-459D-9B33-DE5CDAF59BFF}.Debug|Any CPU.Build.0 = Debug|Any CPU
		{E76AA266-17FA-459D-9B33-DE5CDAF59BFF}.Release|Any CPU.ActiveCfg = Release|Any CPU
		{E76AA266-17FA-459D-9B33-DE5CDAF59BFF}.Release|Any CPU.Build.0 = Release|Any CPU
	EndGlobalSection
	GlobalSection(SolutionProperties) = preSolution
		HideSolutionNode = FALSE
	EndGlobalSection
EndGlobal
